
Microsoft Visual Studio Solution File, Format Version 12.00
# Visual Studio 14
VisualStudioVersion = 14.0.25420.1
MinimumVisualStudioVersion = 10.0.40219.1
Project("{FAE04EC0-301F-11D3-BF4B-00C04F79EFBC}") = "Test", "Test\Test.csproj", "{2DDB1E5E-9B00-45F8-975D-C054827BC252}"
EndProject
Project("{FAE04EC0-301F-11D3-BF4B-00C04F79EFBC}") = "Common", "Common\Common.csproj", "{3D228444-AC63-4CBB-98E4-56E692C47F5E}"
EndProject
Project("{8BC9CEB8-8B4A-11D0-8D11-00A0C91BC942}") = "DllTest01", "DllTest01\DllTest01.vcxproj", "{55C697FE-533A-4A24-B3AA-89DA1153B0B2}"
EndProject
Project("{8BC9CEB8-8B4A-11D0-8D11-00A0C91BC942}") = "DllTest02", "DllTest02\DllTest02.vcxproj", "{0EF028BC-C85A-4484-A9CD-E7A81FFDD810}"
EndProject
Project("{FAE04EC0-301F-11D3-BF4B-00C04F79EFBC}") = "ComLib", "ComLib\ComLib.csproj", "{6510DB17-C411-4E4C-9FD1-963B111E184F}"
EndProject
Project("{FAE04EC0-301F-11D3-BF4B-00C04F79EFBC}") = "OtherLib", "OtherLib\OtherLib.csproj", "{E6FE59CF-6751-4C76-86F0-71ABBE33111F}"
EndProject
Project("{FAE04EC0-301F-11D3-BF4B-00C04F79EFBC}") = "TDYH", "TDQS.Algorithm.TDYH\TDYH.csproj", "{14598F1A-2BC1-4C34-83A9-9D9D7F79C21D}"
EndProject
Project("{FAE04EC0-301F-11D3-BF4B-00C04F79EFBC}") = "CSharpConnector", "CSharpConnector\CSharpConnector.csproj", "{6470F97C-6F5F-4D63-BA64-A4FE3D6E04FE}"
EndProject
Project("{8BC9CEB8-8B4A-11D0-8D11-00A0C91BC942}") = "Win32Test", "Win32Test\Win32Test.vcxproj", "{DC86C279-A798-4971-A5D7-FEEA0A4014AA}"
EndProject
Project("{8BC9CEB8-8B4A-11D0-8D11-00A0C91BC942}") = "CPPConnector", "CPPConnector\CPPConnector.vcxproj", "{3961D104-764C-4B17-9EAC-B7E8965F5311}"
EndProject
Global
	GlobalSection(SolutionConfigurationPlatforms) = preSolution
		Debug|Any CPU = Debug|Any CPU
		Debug|x64 = Debug|x64
		Debug|x86 = Debug|x86
		Release|Any CPU = Release|Any CPU
		Release|x64 = Release|x64
		Release|x86 = Release|x86
	EndGlobalSection
	GlobalSection(ProjectConfigurationPlatforms) = postSolution
		{2DDB1E5E-9B00-45F8-975D-C054827BC252}.Debug|Any CPU.ActiveCfg = Debug|Any CPU
		{2DDB1E5E-9B00-45F8-975D-C054827BC252}.Debug|Any CPU.Build.0 = Debug|Any CPU
		{2DDB1E5E-9B00-45F8-975D-C054827BC252}.Debug|x64.ActiveCfg = Debug|Any CPU
		{2DDB1E5E-9B00-45F8-975D-C054827BC252}.Debug|x64.Build.0 = Debug|Any CPU
		{2DDB1E5E-9B00-45F8-975D-C054827BC252}.Debug|x86.ActiveCfg = Debug|Any CPU
		{2DDB1E5E-9B00-45F8-975D-C054827BC252}.Debug|x86.Build.0 = Debug|Any CPU
		{2DDB1E5E-9B00-45F8-975D-C054827BC252}.Release|Any CPU.ActiveCfg = Release|Any CPU
		{2DDB1E5E-9B00-45F8-975D-C054827BC252}.Release|Any CPU.Build.0 = Release|Any CPU
		{2DDB1E5E-9B00-45F8-975D-C054827BC252}.Release|x64.ActiveCfg = Release|Any CPU
		{2DDB1E5E-9B00-45F8-975D-C054827BC252}.Release|x64.Build.0 = Release|Any CPU
		{2DDB1E5E-9B00-45F8-975D-C054827BC252}.Release|x86.ActiveCfg = Release|Any CPU
		{2DDB1E5E-9B00-45F8-975D-C054827BC252}.Release|x86.Build.0 = Release|Any CPU
		{3D228444-AC63-4CBB-98E4-56E692C47F5E}.Debug|Any CPU.ActiveCfg = Debug|Any CPU
		{3D228444-AC63-4CBB-98E4-56E692C47F5E}.Debug|Any CPU.Build.0 = Debug|Any CPU
		{3D228444-AC63-4CBB-98E4-56E692C47F5E}.Debug|x64.ActiveCfg = Debug|Any CPU
		{3D228444-AC63-4CBB-98E4-56E692C47F5E}.Debug|x64.Build.0 = Debug|Any CPU
		{3D228444-AC63-4CBB-98E4-56E692C47F5E}.Debug|x86.ActiveCfg = Debug|Any CPU
		{3D228444-AC63-4CBB-98E4-56E692C47F5E}.Debug|x86.Build.0 = Debug|Any CPU
		{3D228444-AC63-4CBB-98E4-56E692C47F5E}.Release|Any CPU.ActiveCfg = Release|Any CPU
		{3D228444-AC63-4CBB-98E4-56E692C47F5E}.Release|Any CPU.Build.0 = Release|Any CPU
		{3D228444-AC63-4CBB-98E4-56E692C47F5E}.Release|x64.ActiveCfg = Release|Any CPU
		{3D228444-AC63-4CBB-98E4-56E692C47F5E}.Release|x64.Build.0 = Release|Any CPU
		{3D228444-AC63-4CBB-98E4-56E692C47F5E}.Release|x86.ActiveCfg = Release|Any CPU
		{3D228444-AC63-4CBB-98E4-56E692C47F5E}.Release|x86.Build.0 = Release|Any CPU
		{55C697FE-533A-4A24-B3AA-89DA1153B0B2}.Debug|Any CPU.ActiveCfg = Debug|Win32
		{55C697FE-533A-4A24-B3AA-89DA1153B0B2}.Debug|x64.ActiveCfg = Debug|x64
		{55C697FE-533A-4A24-B3AA-89DA1153B0B2}.Debug|x64.Build.0 = Debug|x64
		{55C697FE-533A-4A24-B3AA-89DA1153B0B2}.Debug|x86.ActiveCfg = Debug|Win32
		{55C697FE-533A-4A24-B3AA-89DA1153B0B2}.Debug|x86.Build.0 = Debug|Win32
		{55C697FE-533A-4A24-B3AA-89DA1153B0B2}.Release|Any CPU.ActiveCfg = Release|Win32
		{55C697FE-533A-4A24-B3AA-89DA1153B0B2}.Release|x64.ActiveCfg = Release|x64
		{55C697FE-533A-4A24-B3AA-89DA1153B0B2}.Release|x64.Build.0 = Release|x64
		{55C697FE-533A-4A24-B3AA-89DA1153B0B2}.Release|x86.ActiveCfg = Release|Win32
		{55C697FE-533A-4A24-B3AA-89DA1153B0B2}.Release|x86.Build.0 = Release|Win32
		{0EF028BC-C85A-4484-A9CD-E7A81FFDD810}.Debug|Any CPU.ActiveCfg = Debug|Win32
		{0EF028BC-C85A-4484-A9CD-E7A81FFDD810}.Debug|x64.ActiveCfg = Debug|x64
		{0EF028BC-C85A-4484-A9CD-E7A81FFDD810}.Debug|x64.Build.0 = Debug|x64
		{0EF028BC-C85A-4484-A9CD-E7A81FFDD810}.Debug|x86.ActiveCfg = Debug|Win32
		{0EF028BC-C85A-4484-A9CD-E7A81FFDD810}.Debug|x86.Build.0 = Debug|Win32
		{0EF028BC-C85A-4484-A9CD-E7A81FFDD810}.Release|Any CPU.ActiveCfg = Release|Win32
		{0EF028BC-C85A-4484-A9CD-E7A81FFDD810}.Release|x64.ActiveCfg = Release|x64
		{0EF028BC-C85A-4484-A9CD-E7A81FFDD810}.Release|x64.Build.0 = Release|x64
		{0EF028BC-C85A-4484-A9CD-E7A81FFDD810}.Release|x86.ActiveCfg = Release|Win32
		{0EF028BC-C85A-4484-A9CD-E7A81FFDD810}.Release|x86.Build.0 = Release|Win32
		{6510DB17-C411-4E4C-9FD1-963B111E184F}.Debug|Any CPU.ActiveCfg = Debug|Any CPU
		{6510DB17-C411-4E4C-9FD1-963B111E184F}.Debug|Any CPU.Build.0 = Debug|Any CPU
		{6510DB17-C411-4E4C-9FD1-963B111E184F}.Debug|x64.ActiveCfg = Debug|Any CPU
		{6510DB17-C411-4E4C-9FD1-963B111E184F}.Debug|x64.Build.0 = Debug|Any CPU
		{6510DB17-C411-4E4C-9FD1-963B111E184F}.Debug|x86.ActiveCfg = Debug|Any CPU
		{6510DB17-C411-4E4C-9FD1-963B111E184F}.Debug|x86.Build.0 = Debug|Any CPU
		{6510DB17-C411-4E4C-9FD1-963B111E184F}.Release|Any CPU.ActiveCfg = Release|Any CPU
		{6510DB17-C411-4E4C-9FD1-963B111E184F}.Release|Any CPU.Build.0 = Release|Any CPU
		{6510DB17-C411-4E4C-9FD1-963B111E184F}.Release|x64.ActiveCfg = Release|Any CPU
		{6510DB17-C411-4E4C-9FD1-963B111E184F}.Release|x64.Build.0 = Release|Any CPU
		{6510DB17-C411-4E4C-9FD1-963B111E184F}.Release|x86.ActiveCfg = Release|Any CPU
		{6510DB17-C411-4E4C-9FD1-963B111E184F}.Release|x86.Build.0 = Release|Any CPU
		{E6FE59CF-6751-4C76-86F0-71ABBE33111F}.Debug|Any CPU.ActiveCfg = Debug|Any CPU
		{E6FE59CF-6751-4C76-86F0-71ABBE33111F}.Debug|Any CPU.Build.0 = Debug|Any CPU
		{E6FE59CF-6751-4C76-86F0-71ABBE33111F}.Debug|x64.ActiveCfg = Debug|Any CPU
		{E6FE59CF-6751-4C76-86F0-71ABBE33111F}.Debug|x64.Build.0 = Debug|Any CPU
		{E6FE59CF-6751-4C76-86F0-71ABBE33111F}.Debug|x86.ActiveCfg = Debug|Any CPU
		{E6FE59CF-6751-4C76-86F0-71ABBE33111F}.Debug|x86.Build.0 = Debug|Any CPU
		{E6FE59CF-6751-4C76-86F0-71ABBE33111F}.Release|Any CPU.ActiveCfg = Release|Any CPU
		{E6FE59CF-6751-4C76-86F0-71ABBE33111F}.Release|Any CPU.Build.0 = Release|Any CPU
		{E6FE59CF-6751-4C76-86F0-71ABBE33111F}.Release|x64.ActiveCfg = Release|Any CPU
		{E6FE59CF-6751-4C76-86F0-71ABBE33111F}.Release|x64.Build.0 = Release|Any CPU
		{E6FE59CF-6751-4C76-86F0-71ABBE33111F}.Release|x86.ActiveCfg = Release|Any CPU
		{E6FE59CF-6751-4C76-86F0-71ABBE33111F}.Release|x86.Build.0 = Release|Any CPU
		{14598F1A-2BC1-4C34-83A9-9D9D7F79C21D}.Debug|Any CPU.ActiveCfg = Debug|Any CPU
		{14598F1A-2BC1-4C34-83A9-9D9D7F79C21D}.Debug|Any CPU.Build.0 = Debug|Any CPU
		{14598F1A-2BC1-4C34-83A9-9D9D7F79C21D}.Debug|x64.ActiveCfg = Debug|x64
		{14598F1A-2BC1-4C34-83A9-9D9D7F79C21D}.Debug|x64.Build.0 = Debug|x64
		{14598F1A-2BC1-4C34-83A9-9D9D7F79C21D}.Debug|x86.ActiveCfg = Debug|x86
		{14598F1A-2BC1-4C34-83A9-9D9D7F79C21D}.Debug|x86.Build.0 = Debug|x86
		{14598F1A-2BC1-4C34-83A9-9D9D7F79C21D}.Release|Any CPU.ActiveCfg = Release|Any CPU
		{14598F1A-2BC1-4C34-83A9-9D9D7F79C21D}.Release|Any CPU.Build.0 = Release|Any CPU
		{14598F1A-2BC1-4C34-83A9-9D9D7F79C21D}.Release|x64.ActiveCfg = Release|x64
		{14598F1A-2BC1-4C34-83A9-9D9D7F79C21D}.Release|x64.Build.0 = Release|x64
		{14598F1A-2BC1-4C34-83A9-9D9D7F79C21D}.Release|x86.ActiveCfg = Release|x86
		{14598F1A-2BC1-4C34-83A9-9D9D7F79C21D}.Release|x86.Build.0 = Release|x86
		{6470F97C-6F5F-4D63-BA64-A4FE3D6E04FE}.Debug|Any CPU.ActiveCfg = Debug|Any CPU
		{6470F97C-6F5F-4D63-BA64-A4FE3D6E04FE}.Debug|Any CPU.Build.0 = Debug|Any CPU
		{6470F97C-6F5F-4D63-BA64-A4FE3D6E04FE}.Debug|x64.ActiveCfg = Debug|Any CPU
		{6470F97C-6F5F-4D63-BA64-A4FE3D6E04FE}.Debug|x64.Build.0 = Debug|Any CPU
		{6470F97C-6F5F-4D63-BA64-A4FE3D6E04FE}.Debug|x86.ActiveCfg = Debug|Any CPU
		{6470F97C-6F5F-4D63-BA64-A4FE3D6E04FE}.Debug|x86.Build.0 = Debug|Any CPU
		{6470F97C-6F5F-4D63-BA64-A4FE3D6E04FE}.Release|Any CPU.ActiveCfg = Release|Any CPU
		{6470F97C-6F5F-4D63-BA64-A4FE3D6E04FE}.Release|Any CPU.Build.0 = Release|Any CPU
		{6470F97C-6F5F-4D63-BA64-A4FE3D6E04FE}.Release|x64.ActiveCfg = Release|Any CPU
		{6470F97C-6F5F-4D63-BA64-A4FE3D6E04FE}.Release|x64.Build.0 = Release|Any CPU
		{6470F97C-6F5F-4D63-BA64-A4FE3D6E04FE}.Release|x86.ActiveCfg = Release|Any CPU
		{6470F97C-6F5F-4D63-BA64-A4FE3D6E04FE}.Release|x86.Build.0 = Release|Any CPU
		{DC86C279-A798-4971-A5D7-FEEA0A4014AA}.Debug|Any CPU.ActiveCfg = Debug|Win32
		{DC86C279-A798-4971-A5D7-FEEA0A4014AA}.Debug|x64.ActiveCfg = Debug|x64
		{DC86C279-A798-4971-A5D7-FEEA0A4014AA}.Debug|x64.Build.0 = Debug|x64
		{DC86C279-A798-4971-A5D7-FEEA0A4014AA}.Debug|x86.ActiveCfg = Debug|Win32
		{DC86C279-A798-4971-A5D7-FEEA0A4014AA}.Debug|x86.Build.0 = Debug|Win32
		{DC86C279-A798-4971-A5D7-FEEA0A4014AA}.Release|Any CPU.ActiveCfg = Release|Win32
		{DC86C279-A798-4971-A5D7-FEEA0A4014AA}.Release|x64.ActiveCfg = Release|x64
		{DC86C279-A798-4971-A5D7-FEEA0A4014AA}.Release|x64.Build.0 = Release|x64
		{DC86C279-A798-4971-A5D7-FEEA0A4014AA}.Release|x86.ActiveCfg = Release|Win32
		{DC86C279-A798-4971-A5D7-FEEA0A4014AA}.Release|x86.Build.0 = Release|Win32
		{3961D104-764C-4B17-9EAC-B7E8965F5311}.Debug|Any CPU.ActiveCfg = Debug|Win32
		{3961D104-764C-4B17-9EAC-B7E8965F5311}.Debug|x64.ActiveCfg = Debug|x64
		{3961D104-764C-4B17-9EAC-B7E8965F5311}.Debug|x64.Build.0 = Debug|x64
		{3961D104-764C-4B17-9EAC-B7E8965F5311}.Debug|x86.ActiveCfg = Debug|Win32
		{3961D104-764C-4B17-9EAC-B7E8965F5311}.Debug|x86.Build.0 = Debug|Win32
		{3961D104-764C-4B17-9EAC-B7E8965F5311}.Release|Any CPU.ActiveCfg = Release|Win32
		{3961D104-764C-4B17-9EAC-B7E8965F5311}.Release|x64.ActiveCfg = Release|x64
		{3961D104-764C-4B17-9EAC-B7E8965F5311}.Release|x64.Build.0 = Release|x64
		{3961D104-764C-4B17-9EAC-B7E8965F5311}.Release|x86.ActiveCfg = Release|Win32
		{3961D104-764C-4B17-9EAC-B7E8965F5311}.Release|x86.Build.0 = Release|Win32
	EndGlobalSection
	GlobalSection(SolutionProperties) = preSolution
		HideSolutionNode = FALSE
	EndGlobalSection
EndGlobal
