
Microsoft Visual Studio Solution File, Format Version 12.00
# Visual Studio 14
VisualStudioVersion = 14.0.25420.1
MinimumVisualStudioVersion = 10.0.40219.1
Project("{FAE04EC0-301F-11D3-BF4B-00C04F79EFBC}") = "Test", "Test\Test.csproj", "{2DDB1E5E-9B00-45F8-975D-C054827BC252}"
EndProject
Project("{FAE04EC0-301F-11D3-BF4B-00C04F79EFBC}") = "Common", "Common\Common.csproj", "{3D228444-AC63-4CBB-98E4-56E692C47F5E}"
EndProject
Project("{8BC9CEB8-8B4A-11D0-8D11-00A0C91BC942}") = "DllTest01", "DllTest01\DllTest01.vcxproj", "{55C697FE-533A-4A24-B3AA-89DA1153B0B2}"
EndProject
Global
	GlobalSection(SolutionConfigurationPlatforms) = preSolution
		Debug|Any CPU = Debug|Any CPU
		Debug|x64 = Debug|x64
		Debug|x86 = Debug|x86
		Release|Any CPU = Release|Any CPU
		Release|x64 = Release|x64
		Release|x86 = Release|x86
	EndGlobalSection
	GlobalSection(ProjectConfigurationPlatforms) = postSolution
		{2DDB1E5E-9B00-45F8-975D-C054827BC252}.Debug|Any CPU.ActiveCfg = Debug|Any CPU
		{2DDB1E5E-9B00-45F8-975D-C054827BC252}.Debug|Any CPU.Build.0 = Debug|Any CPU
		{2DDB1E5E-9B00-45F8-975D-C054827BC252}.Debug|x64.ActiveCfg = Debug|Any CPU
		{2DDB1E5E-9B00-45F8-975D-C054827BC252}.Debug|x64.Build.0 = Debug|Any CPU
		{2DDB1E5E-9B00-45F8-975D-C054827BC252}.Debug|x86.ActiveCfg = Debug|Any CPU
		{2DDB1E5E-9B00-45F8-975D-C054827BC252}.Debug|x86.Build.0 = Debug|Any CPU
		{2DDB1E5E-9B00-45F8-975D-C054827BC252}.Release|Any CPU.ActiveCfg = Release|Any CPU
		{2DDB1E5E-9B00-45F8-975D-C054827BC252}.Release|Any CPU.Build.0 = Release|Any CPU
		{2DDB1E5E-9B00-45F8-975D-C054827BC252}.Release|x64.ActiveCfg = Release|Any CPU
		{2DDB1E5E-9B00-45F8-975D-C054827BC252}.Release|x64.Build.0 = Release|Any CPU
		{2DDB1E5E-9B00-45F8-975D-C054827BC252}.Release|x86.ActiveCfg = Release|Any CPU
		{2DDB1E5E-9B00-45F8-975D-C054827BC252}.Release|x86.Build.0 = Release|Any CPU
		{3D228444-AC63-4CBB-98E4-56E692C47F5E}.Debug|Any CPU.ActiveCfg = Debug|Any CPU
		{3D228444-AC63-4CBB-98E4-56E692C47F5E}.Debug|Any CPU.Build.0 = Debug|Any CPU
		{3D228444-AC63-4CBB-98E4-56E692C47F5E}.Debug|x64.ActiveCfg = Debug|Any CPU
		{3D228444-AC63-4CBB-98E4-56E692C47F5E}.Debug|x64.Build.0 = Debug|Any CPU
		{3D228444-AC63-4CBB-98E4-56E692C47F5E}.Debug|x86.ActiveCfg = Debug|Any CPU
		{3D228444-AC63-4CBB-98E4-56E692C47F5E}.Debug|x86.Build.0 = Debug|Any CPU
		{3D228444-AC63-4CBB-98E4-56E692C47F5E}.Release|Any CPU.ActiveCfg = Release|Any CPU
		{3D228444-AC63-4CBB-98E4-56E692C47F5E}.Release|Any CPU.Build.0 = Release|Any CPU
		{3D228444-AC63-4CBB-98E4-56E692C47F5E}.Release|x64.ActiveCfg = Release|Any CPU
		{3D228444-AC63-4CBB-98E4-56E692C47F5E}.Release|x64.Build.0 = Release|Any CPU
		{3D228444-AC63-4CBB-98E4-56E692C47F5E}.Release|x86.ActiveCfg = Release|Any CPU
		{3D228444-AC63-4CBB-98E4-56E692C47F5E}.Release|x86.Build.0 = Release|Any CPU
		{55C697FE-533A-4A24-B3AA-89DA1153B0B2}.Debug|Any CPU.ActiveCfg = Debug|Win32
		{55C697FE-533A-4A24-B3AA-89DA1153B0B2}.Debug|x64.ActiveCfg = Debug|x64
		{55C697FE-533A-4A24-B3AA-89DA1153B0B2}.Debug|x64.Build.0 = Debug|x64
		{55C697FE-533A-4A24-B3AA-89DA1153B0B2}.Debug|x86.ActiveCfg = Debug|Win32
		{55C697FE-533A-4A24-B3AA-89DA1153B0B2}.Debug|x86.Build.0 = Debug|Win32
		{55C697FE-533A-4A24-B3AA-89DA1153B0B2}.Release|Any CPU.ActiveCfg = Release|Win32
		{55C697FE-533A-4A24-B3AA-89DA1153B0B2}.Release|x64.ActiveCfg = Release|x64
		{55C697FE-533A-4A24-B3AA-89DA1153B0B2}.Release|x64.Build.0 = Release|x64
		{55C697FE-533A-4A24-B3AA-89DA1153B0B2}.Release|x86.ActiveCfg = Release|Win32
		{55C697FE-533A-4A24-B3AA-89DA1153B0B2}.Release|x86.Build.0 = Release|Win32
	EndGlobalSection
	GlobalSection(SolutionProperties) = preSolution
		HideSolutionNode = FALSE
	EndGlobalSection
EndGlobal
